
Microsoft Visual Studio Solution File, Format Version 12.00
# Visual Studio 15
VisualStudioVersion = 15.0.27428.2015
MinimumVisualStudioVersion = 10.0.40219.1
Project("{FAE04EC0-301F-11D3-BF4B-00C04F79EFBC}") = "AkkaWorkshop", "AkkaWorkshop.csproj", "{0B01B3A0-A75A-4E73-8DEB-88D7899CF56A}"
EndProject
Global
	GlobalSection(SolutionConfigurationPlatforms) = preSolution
		Debug|Any CPU = Debug|Any CPU
		Release|Any CPU = Release|Any CPU
	EndGlobalSection
	GlobalSection(ProjectConfigurationPlatforms) = postSolution
		{0B01B3A0-A75A-4E73-8DEB-88D7899CF56A}.Debug|Any CPU.ActiveCfg = Debug|Any CPU
		{0B01B3A0-A75A-4E73-8DEB-88D7899CF56A}.Debug|Any CPU.Build.0 = Debug|Any CPU
		{0B01B3A0-A75A-4E73-8DEB-88D7899CF56A}.Release|Any CPU.ActiveCfg = Release|Any CPU
		{0B01B3A0-A75A-4E73-8DEB-88D7899CF56A}.Release|Any CPU.Build.0 = Release|Any CPU
	EndGlobalSection
	GlobalSection(SolutionProperties) = preSolution
		HideSolutionNode = FALSE
	EndGlobalSection
	GlobalSection(ExtensibilityGlobals) = postSolution
		SolutionGuid = {AFBED04E-7D14-48CC-8CDD-E887B45D835C}
	EndGlobalSection
EndGlobal
